// !$*UTF8*$!
{
	archiveVersion = 1;
	classes = {
	};
	objectVersion = 46;
	objects = {

/* Begin PBXBuildFile section */
		32B01A261F28EF6300EB55CA /* AppDelegate.swift in Sources */ = {isa = PBXBuildFile; fileRef = 32B01A251F28EF6300EB55CA /* AppDelegate.swift */; };
		32B01A281F28EF6300EB55CA /* ViewController.swift in Sources */ = {isa = PBXBuildFile; fileRef = 32B01A271F28EF6300EB55CA /* ViewController.swift */; };
		32B01A2B1F28EF6300EB55CA /* Main.storyboard in Resources */ = {isa = PBXBuildFile; fileRef = 32B01A291F28EF6300EB55CA /* Main.storyboard */; };
		32B01A2D1F28EF6300EB55CA /* Assets.xcassets in Resources */ = {isa = PBXBuildFile; fileRef = 32B01A2C1F28EF6300EB55CA /* Assets.xcassets */; };
		32B01A301F28EF6300EB55CA /* LaunchScreen.storyboard in Resources */ = {isa = PBXBuildFile; fileRef = 32B01A2E1F28EF6300EB55CA /* LaunchScreen.storyboard */; };
		32B01A3B1F28EF6300EB55CA /* VariablesObjCTests.swift in Sources */ = {isa = PBXBuildFile; fileRef = 32B01A3A1F28EF6300EB55CA /* VariablesObjCTests.swift */; };
		32B01A461F28EF6300EB55CA /* VariablesObjCUITests.swift in Sources */ = {isa = PBXBuildFile; fileRef = 32B01A451F28EF6300EB55CA /* VariablesObjCUITests.swift */; };
/* End PBXBuildFile section */

/* Begin PBXContainerItemProxy section */
		32B01A371F28EF6300EB55CA /* PBXContainerItemProxy */ = {
			isa = PBXContainerItemProxy;
			containerPortal = 32B01A1A1F28EF6300EB55CA /* Project object */;
			proxyType = 1;
			remoteGlobalIDString = 32B01A211F28EF6300EB55CA;
			remoteInfo = VariablesObjC;
		};
		32B01A421F28EF6300EB55CA /* PBXContainerItemProxy */ = {
			isa = PBXContainerItemProxy;
			containerPortal = 32B01A1A1F28EF6300EB55CA /* Project object */;
			proxyType = 1;
			remoteGlobalIDString = 32B01A211F28EF6300EB55CA;
			remoteInfo = VariablesObjC;
		};
/* End PBXContainerItemProxy section */

/* Begin PBXFileReference section */
		32B01A221F28EF6300EB55CA /* VariablesObjC.app */ = {isa = PBXFileReference; explicitFileType = wrapper.application; includeInIndex = 0; path = VariablesObjC.app; sourceTree = BUILT_PRODUCTS_DIR; };
		32B01A251F28EF6300EB55CA /* AppDelegate.swift */ = {isa = PBXFileReference; lastKnownFileType = sourcecode.swift; path = AppDelegate.swift; sourceTree = "<group>"; };
		32B01A271F28EF6300EB55CA /* ViewController.swift */ = {isa = PBXFileReference; lastKnownFileType = sourcecode.swift; path = ViewController.swift; sourceTree = "<group>"; };
		32B01A2A1F28EF6300EB55CA /* Base */ = {isa = PBXFileReference; lastKnownFileType = file.storyboard; name = Base; path = Base.lproj/Main.storyboard; sourceTree = "<group>"; };
		32B01A2C1F28EF6300EB55CA /* Assets.xcassets */ = {isa = PBXFileReference; lastKnownFileType = folder.assetcatalog; path = Assets.xcassets; sourceTree = "<group>"; };
		32B01A2F1F28EF6300EB55CA /* Base */ = {isa = PBXFileReference; lastKnownFileType = file.storyboard; name = Base; path = Base.lproj/LaunchScreen.storyboard; sourceTree = "<group>"; };
		32B01A311F28EF6300EB55CA /* Info.plist */ = {isa = PBXFileReference; lastKnownFileType = text.plist.xml; path = Info.plist; sourceTree = "<group>"; };
		32B01A361F28EF6300EB55CA /* VariablesObjCTests.xctest */ = {isa = PBXFileReference; explicitFileType = wrapper.cfbundle; includeInIndex = 0; path = VariablesObjCTests.xctest; sourceTree = BUILT_PRODUCTS_DIR; };
		32B01A3A1F28EF6300EB55CA /* VariablesObjCTests.swift */ = {isa = PBXFileReference; lastKnownFileType = sourcecode.swift; path = VariablesObjCTests.swift; sourceTree = "<group>"; };
		32B01A3C1F28EF6300EB55CA /* Info.plist */ = {isa = PBXFileReference; lastKnownFileType = text.plist.xml; path = Info.plist; sourceTree = "<group>"; };
		32B01A411F28EF6300EB55CA /* VariablesObjCUITests.xctest */ = {isa = PBXFileReference; explicitFileType = wrapper.cfbundle; includeInIndex = 0; path = VariablesObjCUITests.xctest; sourceTree = BUILT_PRODUCTS_DIR; };
		32B01A451F28EF6300EB55CA /* VariablesObjCUITests.swift */ = {isa = PBXFileReference; lastKnownFileType = sourcecode.swift; path = VariablesObjCUITests.swift; sourceTree = "<group>"; };
		32B01A471F28EF6300EB55CA /* Info.plist */ = {isa = PBXFileReference; lastKnownFileType = text.plist.xml; path = Info.plist; sourceTree = "<group>"; };
/* End PBXFileReference section */

/* Begin PBXFrameworksBuildPhase section */
		32B01A1F1F28EF6300EB55CA /* Frameworks */ = {
			isa = PBXFrameworksBuildPhase;
			buildActionMask = 2147483647;
			files = (
			);
			runOnlyForDeploymentPostprocessing = 0;
		};
		32B01A331F28EF6300EB55CA /* Frameworks */ = {
			isa = PBXFrameworksBuildPhase;
			buildActionMask = 2147483647;
			files = (
			);
			runOnlyForDeploymentPostprocessing = 0;
		};
		32B01A3E1F28EF6300EB55CA /* Frameworks */ = {
			isa = PBXFrameworksBuildPhase;
			buildActionMask = 2147483647;
			files = (
			);
			runOnlyForDeploymentPostprocessing = 0;
		};
/* End PBXFrameworksBuildPhase section */

/* Begin PBXGroup section */
		32B01A191F28EF6300EB55CA = {
			isa = PBXGroup;
			children = (
				32B01A241F28EF6300EB55CA /* VariablesObjC */,
				32B01A391F28EF6300EB55CA /* VariablesObjCTests */,
				32B01A441F28EF6300EB55CA /* VariablesObjCUITests */,
				32B01A231F28EF6300EB55CA /* Products */,
			);
			sourceTree = "<group>";
		};
		32B01A231F28EF6300EB55CA /* Products */ = {
			isa = PBXGroup;
			children = (
				32B01A221F28EF6300EB55CA /* VariablesObjC.app */,
				32B01A361F28EF6300EB55CA /* VariablesObjCTests.xctest */,
				32B01A411F28EF6300EB55CA /* VariablesObjCUITests.xctest */,
			);
			name = Products;
			sourceTree = "<group>";
		};
		32B01A241F28EF6300EB55CA /* VariablesObjC */ = {
			isa = PBXGroup;
			children = (
				32B01A251F28EF6300EB55CA /* AppDelegate.swift */,
				32B01A271F28EF6300EB55CA /* ViewController.swift */,
				32B01A291F28EF6300EB55CA /* Main.storyboard */,
				32B01A2C1F28EF6300EB55CA /* Assets.xcassets */,
				32B01A2E1F28EF6300EB55CA /* LaunchScreen.storyboard */,
				32B01A311F28EF6300EB55CA /* Info.plist */,
			);
			path = VariablesObjC;
			sourceTree = "<group>";
		};
		32B01A391F28EF6300EB55CA /* VariablesObjCTests */ = {
			isa = PBXGroup;
			children = (
				32B01A3A1F28EF6300EB55CA /* VariablesObjCTests.swift */,
				32B01A3C1F28EF6300EB55CA /* Info.plist */,
			);
			path = VariablesObjCTests;
			sourceTree = "<group>";
		};
		32B01A441F28EF6300EB55CA /* VariablesObjCUITests */ = {
			isa = PBXGroup;
			children = (
				32B01A451F28EF6300EB55CA /* VariablesObjCUITests.swift */,
				32B01A471F28EF6300EB55CA /* Info.plist */,
			);
			path = VariablesObjCUITests;
			sourceTree = "<group>";
		};
/* End PBXGroup section */

/* Begin PBXNativeTarget section */
		32B01A211F28EF6300EB55CA /* VariablesObjC */ = {
			isa = PBXNativeTarget;
			buildConfigurationList = 32B01A4A1F28EF6300EB55CA /* Build configuration list for PBXNativeTarget "VariablesObjC" */;
			buildPhases = (
				32B01A1E1F28EF6300EB55CA /* Sources */,
				32B01A1F1F28EF6300EB55CA /* Frameworks */,
				32B01A201F28EF6300EB55CA /* Resources */,
			);
			buildRules = (
			);
			dependencies = (
			);
			name = VariablesObjC;
			productName = VariablesObjC;
			productReference = 32B01A221F28EF6300EB55CA /* VariablesObjC.app */;
			productType = "com.apple.product-type.application";
		};
		32B01A351F28EF6300EB55CA /* VariablesObjCTests */ = {
			isa = PBXNativeTarget;
			buildConfigurationList = 32B01A4D1F28EF6300EB55CA /* Build configuration list for PBXNativeTarget "VariablesObjCTests" */;
			buildPhases = (
				32B01A321F28EF6300EB55CA /* Sources */,
				32B01A331F28EF6300EB55CA /* Frameworks */,
				32B01A341F28EF6300EB55CA /* Resources */,
			);
			buildRules = (
			);
			dependencies = (
				32B01A381F28EF6300EB55CA /* PBXTargetDependency */,
			);
			name = VariablesObjCTests;
			productName = VariablesObjCTests;
			productReference = 32B01A361F28EF6300EB55CA /* VariablesObjCTests.xctest */;
			productType = "com.apple.product-type.bundle.unit-test";
		};
		32B01A401F28EF6300EB55CA /* VariablesObjCUITests */ = {
			isa = PBXNativeTarget;
			buildConfigurationList = 32B01A501F28EF6300EB55CA /* Build configuration list for PBXNativeTarget "VariablesObjCUITests" */;
			buildPhases = (
				32B01A3D1F28EF6300EB55CA /* Sources */,
				32B01A3E1F28EF6300EB55CA /* Frameworks */,
				32B01A3F1F28EF6300EB55CA /* Resources */,
			);
			buildRules = (
			);
			dependencies = (
				32B01A431F28EF6300EB55CA /* PBXTargetDependency */,
			);
			name = VariablesObjCUITests;
			productName = VariablesObjCUITests;
			productReference = 32B01A411F28EF6300EB55CA /* VariablesObjCUITests.xctest */;
			productType = "com.apple.product-type.bundle.ui-testing";
		};
/* End PBXNativeTarget section */

/* Begin PBXProject section */
		32B01A1A1F28EF6300EB55CA /* Project object */ = {
			isa = PBXProject;
			attributes = {
				LastSwiftUpdateCheck = 0830;
				LastUpgradeCheck = 0830;
				ORGANIZATIONNAME = "Austin Edwards";
				TargetAttributes = {
					32B01A211F28EF6300EB55CA = {
						CreatedOnToolsVersion = 8.3.3;
						ProvisioningStyle = Automatic;
					};
					32B01A351F28EF6300EB55CA = {
						CreatedOnToolsVersion = 8.3.3;
						ProvisioningStyle = Automatic;
						TestTargetID = 32B01A211F28EF6300EB55CA;
					};
					32B01A401F28EF6300EB55CA = {
						CreatedOnToolsVersion = 8.3.3;
						ProvisioningStyle = Automatic;
						TestTargetID = 32B01A211F28EF6300EB55CA;
					};
				};
			};
			buildConfigurationList = 32B01A1D1F28EF6300EB55CA /* Build configuration list for PBXProject "VariablesObjC" */;
			compatibilityVersion = "Xcode 3.2";
			developmentRegion = English;
			hasScannedForEncodings = 0;
			knownRegions = (
				en,
				Base,
			);
			mainGroup = 32B01A191F28EF6300EB55CA;
			productRefGroup = 32B01A231F28EF6300EB55CA /* Products */;
			projectDirPath = "";
			projectRoot = "";
			targets = (
				32B01A211F28EF6300EB55CA /* VariablesObjC */,
				32B01A351F28EF6300EB55CA /* VariablesObjCTests */,
				32B01A401F28EF6300EB55CA /* VariablesObjCUITests */,
			);
		};
/* End PBXProject section */

/* Begin PBXResourcesBuildPhase section */
		32B01A201F28EF6300EB55CA /* Resources */ = {
			isa = PBXResourcesBuildPhase;
			buildActionMask = 2147483647;
			files = (
				32B01A301F28EF6300EB55CA /* LaunchScreen.storyboard in Resources */,
				32B01A2D1F28EF6300EB55CA /* Assets.xcassets in Resources */,
				32B01A2B1F28EF6300EB55CA /* Main.storyboard in Resources */,
			);
			runOnlyForDeploymentPostprocessing = 0;
		};
		32B01A341F28EF6300EB55CA /* Resources */ = {
			isa = PBXResourcesBuildPhase;
			buildActionMask = 2147483647;
			files = (
			);
			runOnlyForDeploymentPostprocessing = 0;
		};
		32B01A3F1F28EF6300EB55CA /* Resources */ = {
			isa = PBXResourcesBuildPhase;
			buildActionMask = 2147483647;
			files = (
			);
			runOnlyForDeploymentPostprocessing = 0;
		};
/* End PBXResourcesBuildPhase section */

/* Begin PBXSourcesBuildPhase section */
		32B01A1E1F28EF6300EB55CA /* Sources */ = {
			isa = PBXSourcesBuildPhase;
			buildActionMask = 2147483647;
			files = (
				32B01A281F28EF6300EB55CA /* ViewController.swift in Sources */,
				32B01A261F28EF6300EB55CA /* AppDelegate.swift in Sources */,
			);
			runOnlyForDeploymentPostprocessing = 0;
		};
		32B01A321F28EF6300EB55CA /* Sources */ = {
			isa = PBXSourcesBuildPhase;
			buildActionMask = 2147483647;
			files = (
				32B01A3B1F28EF6300EB55CA /* VariablesObjCTests.swift in Sources */,
			);
			runOnlyForDeploymentPostprocessing = 0;
		};
		32B01A3D1F28EF6300EB55CA /* Sources */ = {
			isa = PBXSourcesBuildPhase;
			buildActionMask = 2147483647;
			files = (
				32B01A461F28EF6300EB55CA /* VariablesObjCUITests.swift in Sources */,
			);
			runOnlyForDeploymentPostprocessing = 0;
		};
/* End PBXSourcesBuildPhase section */

/* Begin PBXTargetDependency section */
		32B01A381F28EF6300EB55CA /* PBXTargetDependency */ = {
			isa = PBXTargetDependency;
			target = 32B01A211F28EF6300EB55CA /* VariablesObjC */;
			targetProxy = 32B01A371F28EF6300EB55CA /* PBXContainerItemProxy */;
		};
		32B01A431F28EF6300EB55CA /* PBXTargetDependency */ = {
			isa = PBXTargetDependency;
			target = 32B01A211F28EF6300EB55CA /* VariablesObjC */;
			targetProxy = 32B01A421F28EF6300EB55CA /* PBXContainerItemProxy */;
		};
/* End PBXTargetDependency section */

/* Begin PBXVariantGroup section */
		32B01A291F28EF6300EB55CA /* Main.storyboard */ = {
			isa = PBXVariantGroup;
			children = (
				32B01A2A1F28EF6300EB55CA /* Base */,
			);
			name = Main.storyboard;
			sourceTree = "<group>";
		};
		32B01A2E1F28EF6300EB55CA /* LaunchScreen.storyboard */ = {
			isa = PBXVariantGroup;
			children = (
				32B01A2F1F28EF6300EB55CA /* Base */,
			);
			name = LaunchScreen.storyboard;
			sourceTree = "<group>";
		};
/* End PBXVariantGroup section */

/* Begin XCBuildConfiguration section */
		32B01A481F28EF6300EB55CA /* Debug */ = {
			isa = XCBuildConfiguration;
			buildSettings = {
				ALWAYS_SEARCH_USER_PATHS = NO;
				CLANG_ANALYZER_NONNULL = YES;
				CLANG_ANALYZER_NUMBER_OBJECT_CONVERSION = YES_AGGRESSIVE;
				CLANG_CXX_LANGUAGE_STANDARD = "gnu++0x";
				CLANG_CXX_LIBRARY = "libc++";
				CLANG_ENABLE_MODULES = YES;
				CLANG_ENABLE_OBJC_ARC = YES;
				CLANG_WARN_BOOL_CONVERSION = YES;
				CLANG_WARN_CONSTANT_CONVERSION = YES;
				CLANG_WARN_DIRECT_OBJC_ISA_USAGE = YES_ERROR;
				CLANG_WARN_DOCUMENTATION_COMMENTS = YES;
				CLANG_WARN_EMPTY_BODY = YES;
				CLANG_WARN_ENUM_CONVERSION = YES;
				CLANG_WARN_INFINITE_RECURSION = YES;
				CLANG_WARN_INT_CONVERSION = YES;
				CLANG_WARN_OBJC_ROOT_CLASS = YES_ERROR;
				CLANG_WARN_SUSPICIOUS_MOVE = YES;
				CLANG_WARN_UNREACHABLE_CODE = YES;
				CLANG_WARN__DUPLICATE_METHOD_MATCH = YES;
				"CODE_SIGN_IDENTITY[sdk=iphoneos*]" = "iPhone Developer";
				COPY_PHASE_STRIP = NO;
				DEBUG_INFORMATION_FORMAT = dwarf;
				ENABLE_STRICT_OBJC_MSGSEND = YES;
				ENABLE_TESTABILITY = YES;
				GCC_C_LANGUAGE_STANDARD = gnu99;
				GCC_DYNAMIC_NO_PIC = NO;
				GCC_NO_COMMON_BLOCKS = YES;
				GCC_OPTIMIZATION_LEVEL = 0;
				GCC_PREPROCESSOR_DEFINITIONS = (
					"DEBUG=1",
					"$(inherited)",
				);
				GCC_WARN_64_TO_32_BIT_CONVERSION = YES;
				GCC_WARN_ABOUT_RETURN_TYPE = YES_ERROR;
				GCC_WARN_UNDECLARED_SELECTOR = YES;
				GCC_WARN_UNINITIALIZED_AUTOS = YES_AGGRESSIVE;
				GCC_WARN_UNUSED_FUNCTION = YES;
				GCC_WARN_UNUSED_VARIABLE = YES;
				IPHONEOS_DEPLOYMENT_TARGET = 10.3;
				MTL_ENABLE_DEBUG_INFO = YES;
				ONLY_ACTIVE_ARCH = YES;
				SDKROOT = iphoneos;
				SWIFT_ACTIVE_COMPILATION_CONDITIONS = DEBUG;
				SWIFT_OPTIMIZATION_LEVEL = "-Onone";
				TARGETED_DEVICE_FAMILY = "1,2";
			};
			name = Debug;
		};
		32B01A491F28EF6300EB55CA /* Release */ = {
			isa = XCBuildConfiguration;
			buildSettings = {
				ALWAYS_SEARCH_USER_PATHS = NO;
				CLANG_ANALYZER_NONNULL = YES;
				CLANG_ANALYZER_NUMBER_OBJECT_CONVERSION = YES_AGGRESSIVE;
				CLANG_CXX_LANGUAGE_STANDARD = "gnu++0x";
				CLANG_CXX_LIBRARY = "libc++";
				CLANG_ENABLE_MODULES = YES;
				CLANG_ENABLE_OBJC_ARC = YES;
				CLANG_WARN_BOOL_CONVERSION = YES;
				CLANG_WARN_CONSTANT_CONVERSION = YES;
				CLANG_WARN_DIRECT_OBJC_ISA_USAGE = YES_ERROR;
				CLANG_WARN_DOCUMENTATION_COMMENTS = YES;
				CLANG_WARN_EMPTY_BODY = YES;
				CLANG_WARN_ENUM_CONVERSION = YES;
				CLANG_WARN_INFINITE_RECURSION = YES;
				CLANG_WARN_INT_CONVERSION = YES;
				CLANG_WARN_OBJC_ROOT_CLASS = YES_ERROR;
				CLANG_WARN_SUSPICIOUS_MOVE = YES;
				CLANG_WARN_UNREACHABLE_CODE = YES;
				CLANG_WARN__DUPLICATE_METHOD_MATCH = YES;
				"CODE_SIGN_IDENTITY[sdk=iphoneos*]" = "iPhone Developer";
				COPY_PHASE_STRIP = NO;
				DEBUG_INFORMATION_FORMAT = "dwarf-with-dsym";
				ENABLE_NS_ASSERTIONS = NO;
				ENABLE_STRICT_OBJC_MSGSEND = YES;
				GCC_C_LANGUAGE_STANDARD = gnu99;
				GCC_NO_COMMON_BLOCKS = YES;
				GCC_WARN_64_TO_32_BIT_CONVERSION = YES;
				GCC_WARN_ABOUT_RETURN_TYPE = YES_ERROR;
				GCC_WARN_UNDECLARED_SELECTOR = YES;
				GCC_WARN_UNINITIALIZED_AUTOS = YES_AGGRESSIVE;
				GCC_WARN_UNUSED_FUNCTION = YES;
				GCC_WARN_UNUSED_VARIABLE = YES;
				IPHONEOS_DEPLOYMENT_TARGET = 10.3;
				MTL_ENABLE_DEBUG_INFO = NO;
				SDKROOT = iphoneos;
				SWIFT_OPTIMIZATION_LEVEL = "-Owholemodule";
				TARGETED_DEVICE_FAMILY = "1,2";
				VALIDATE_PRODUCT = YES;
			};
			name = Release;
		};
		32B01A4B1F28EF6300EB55CA /* Debug */ = {
			isa = XCBuildConfiguration;
			buildSettings = {
				ASSETCATALOG_COMPILER_APPICON_NAME = AppIcon;
				INFOPLIST_FILE = VariablesObjC/Info.plist;
				LD_RUNPATH_SEARCH_PATHS = "$(inherited) @executable_path/Frameworks";
				PRODUCT_BUNDLE_IDENTIFIER = AustinTKE.VariablesObjC;
				PRODUCT_NAME = "$(TARGET_NAME)";
				SWIFT_VERSION = 3.0;
			};
			name = Debug;
		};
		32B01A4C1F28EF6300EB55CA /* Release */ = {
			isa = XCBuildConfiguration;
			buildSettings = {
				ASSETCATALOG_COMPILER_APPICON_NAME = AppIcon;
				INFOPLIST_FILE = VariablesObjC/Info.plist;
				LD_RUNPATH_SEARCH_PATHS = "$(inherited) @executable_path/Frameworks";
				PRODUCT_BUNDLE_IDENTIFIER = AustinTKE.VariablesObjC;
				PRODUCT_NAME = "$(TARGET_NAME)";
				SWIFT_VERSION = 3.0;
			};
			name = Release;
		};
		32B01A4E1F28EF6300EB55CA /* Debug */ = {
			isa = XCBuildConfiguration;
			buildSettings = {
				ALWAYS_EMBED_SWIFT_STANDARD_LIBRARIES = YES;
				BUNDLE_LOADER = "$(TEST_HOST)";
				INFOPLIST_FILE = VariablesObjCTests/Info.plist;
				LD_RUNPATH_SEARCH_PATHS = "$(inherited) @executable_path/Frameworks @loader_path/Frameworks";
				PRODUCT_BUNDLE_IDENTIFIER = AustinTKE.VariablesObjCTests;
				PRODUCT_NAME = "$(TARGET_NAME)";
				SWIFT_VERSION = 3.0;
				TEST_HOST = "$(BUILT_PRODUCTS_DIR)/VariablesObjC.app/VariablesObjC";
			};
			name = Debug;
		};
		32B01A4F1F28EF6300EB55CA /* Release */ = {
			isa = XCBuildConfiguration;
			buildSettings = {
				ALWAYS_EMBED_SWIFT_STANDARD_LIBRARIES = YES;
				BUNDLE_LOADER = "$(TEST_HOST)";
				INFOPLIST_FILE = VariablesObjCTests/Info.plist;
				LD_RUNPATH_SEARCH_PATHS = "$(inherited) @executable_path/Frameworks @loader_path/Frameworks";
				PRODUCT_BUNDLE_IDENTIFIER = AustinTKE.VariablesObjCTests;
				PRODUCT_NAME = "$(TARGET_NAME)";
				SWIFT_VERSION = 3.0;
				TEST_HOST = "$(BUILT_PRODUCTS_DIR)/VariablesObjC.app/VariablesObjC";
			};
			name = Release;
		};
		32B01A511F28EF6300EB55CA /* Debug */ = {
			isa = XCBuildConfiguration;
			buildSettings = {
				ALWAYS_EMBED_SWIFT_STANDARD_LIBRARIES = YES;
				INFOPLIST_FILE = VariablesObjCUITests/Info.plist;
				LD_RUNPATH_SEARCH_PATHS = "$(inherited) @executable_path/Frameworks @loader_path/Frameworks";
				PRODUCT_BUNDLE_IDENTIFIER = AustinTKE.VariablesObjCUITests;
				PRODUCT_NAME = "$(TARGET_NAME)";
				SWIFT_VERSION = 3.0;
				TEST_TARGET_NAME = VariablesObjC;
			};
			name = Debug;
		};
		32B01A521F28EF6300EB55CA /* Release */ = {
			isa = XCBuildConfiguration;
			buildSettings = {
				ALWAYS_EMBED_SWIFT_STANDARD_LIBRARIES = YES;
				INFOPLIST_FILE = VariablesObjCUITests/Info.plist;
				LD_RUNPATH_SEARCH_PATHS = "$(inherited) @executable_path/Frameworks @loader_path/Frameworks";
				PRODUCT_BUNDLE_IDENTIFIER = AustinTKE.VariablesObjCUITests;
				PRODUCT_NAME = "$(TARGET_NAME)";
				SWIFT_VERSION = 3.0;
				TEST_TARGET_NAME = VariablesObjC;
			};
			name = Release;
		};
/* End XCBuildConfiguration section */

/* Begin XCConfigurationList section */
		32B01A1D1F28EF6300EB55CA /* Build configuration list for PBXProject "VariablesObjC" */ = {
			isa = XCConfigurationList;
			buildConfigurations = (
				32B01A481F28EF6300EB55CA /* Debug */,
				32B01A491F28EF6300EB55CA /* Release */,
			);
			defaultConfigurationIsVisible = 0;
			defaultConfigurationName = Release;
		};
		32B01A4A1F28EF6300EB55CA /* Build configuration list for PBXNativeTarget "VariablesObjC" */ = {
			isa = XCConfigurationList;
			buildConfigurations = (
				32B01A4B1F28EF6300EB55CA /* Debug */,
				32B01A4C1F28EF6300EB55CA /* Release */,
			);
			defaultConfigurationIsVisible = 0;
		};
		32B01A4D1F28EF6300EB55CA /* Build configuration list for PBXNativeTarget "VariablesObjCTests" */ = {
			isa = XCConfigurationList;
			buildConfigurations = (
				32B01A4E1F28EF6300EB55CA /* Debug */,
				32B01A4F1F28EF6300EB55CA /* Release */,
			);
			defaultConfigurationIsVisible = 0;
		};
		32B01A501F28EF6300EB55CA /* Build configuration list for PBXNativeTarget "VariablesObjCUITests" */ = {
			isa = XCConfigurationList;
			buildConfigurations = (
				32B01A511F28EF6300EB55CA /* Debug */,
				32B01A521F28EF6300EB55CA /* Release */,
			);
			defaultConfigurationIsVisible = 0;
		};
/* End XCConfigurationList section */
	};
	rootObject = 32B01A1A1F28EF6300EB55CA /* Project object */;
}
